// !$*UTF8*$!
{
	archiveVersion = 1;
	classes = {
	};
	objectVersion = 47;
	objects = {

/* Begin PBXBuildFile section */
		3D15C4691C7D9D7B009E76A0 /* RequestSpec.swift in Sources */ = {isa = PBXBuildFile; fileRef = 3D15C4681C7D9D7B009E76A0 /* RequestSpec.swift */; };
		3D7115431C7D9CB000AE799E /* AppLink.swift in Sources */ = {isa = PBXBuildFile; fileRef = 3D7115391C7D9CB000AE799E /* AppLink.swift */; };
		3D7115441C7D9CB000AE799E /* ComponentNode.swift in Sources */ = {isa = PBXBuildFile; fileRef = 3D71153A1C7D9CB000AE799E /* ComponentNode.swift */; };
		3D7115451C7D9CB000AE799E /* Filter.swift in Sources */ = {isa = PBXBuildFile; fileRef = 3D71153B1C7D9CB000AE799E /* Filter.swift */; };
		3D7115461C7D9CB000AE799E /* Handler.swift in Sources */ = {isa = PBXBuildFile; fileRef = 3D71153C1C7D9CB000AE799E /* Handler.swift */; };
		3D7115471C7D9CB000AE799E /* Request.swift in Sources */ = {isa = PBXBuildFile; fileRef = 3D71153D1C7D9CB000AE799E /* Request.swift */; };
		3D7115481C7D9CB000AE799E /* Response.swift in Sources */ = {isa = PBXBuildFile; fileRef = 3D71153E1C7D9CB000AE799E /* Response.swift */; };
		3D7115491C7D9CB000AE799E /* Route.swift in Sources */ = {isa = PBXBuildFile; fileRef = 3D71153F1C7D9CB000AE799E /* Route.swift */; };
		3D71154A1C7D9CB000AE799E /* RouteComponent.swift in Sources */ = {isa = PBXBuildFile; fileRef = 3D7115401C7D9CB000AE799E /* RouteComponent.swift */; };
		3D71154B1C7D9CB000AE799E /* RoutingTable.swift in Sources */ = {isa = PBXBuildFile; fileRef = 3D7115411C7D9CB000AE799E /* RoutingTable.swift */; };
		3D71154C1C7D9CB000AE799E /* TreeRoutingTable.swift in Sources */ = {isa = PBXBuildFile; fileRef = 3D7115421C7D9CB000AE799E /* TreeRoutingTable.swift */; };
		3D9886B81C7E2BCE0036E5A1 /* Nimble.framework in Frameworks */ = {isa = PBXBuildFile; fileRef = 3D9886B61C7E2BCE0036E5A1 /* Nimble.framework */; };
		3D9886B91C7E2BCE0036E5A1 /* Quick.framework in Frameworks */ = {isa = PBXBuildFile; fileRef = 3D9886B71C7E2BCE0036E5A1 /* Quick.framework */; };
		3DD79BC91C00783A00D99F0E /* RouterKit.framework in Frameworks */ = {isa = PBXBuildFile; fileRef = 3DD79BBE1C00783A00D99F0E /* RouterKit.framework */; };
		3DD79BCE1C00783A00D99F0E /* RouterKitTests.swift in Sources */ = {isa = PBXBuildFile; fileRef = 3DD79BCD1C00783A00D99F0E /* RouterKitTests.swift */; };
		3DD79C0A1C01336E00D99F0E /* RouterKit.swift in Sources */ = {isa = PBXBuildFile; fileRef = 3DD79C091C01336E00D99F0E /* RouterKit.swift */; };
/* End PBXBuildFile section */

/* Begin PBXContainerItemProxy section */
		3DD79BCA1C00783A00D99F0E /* PBXContainerItemProxy */ = {
			isa = PBXContainerItemProxy;
			containerPortal = 3DD79BB51C00783A00D99F0E /* Project object */;
			proxyType = 1;
			remoteGlobalIDString = 3DD79BBD1C00783A00D99F0E;
			remoteInfo = RouterKit;
		};
/* End PBXContainerItemProxy section */

/* Begin PBXFileReference section */
		3D15C4681C7D9D7B009E76A0 /* RequestSpec.swift */ = {isa = PBXFileReference; fileEncoding = 4; lastKnownFileType = sourcecode.swift; path = RequestSpec.swift; sourceTree = "<group>"; };
		3D7115391C7D9CB000AE799E /* AppLink.swift */ = {isa = PBXFileReference; fileEncoding = 4; lastKnownFileType = sourcecode.swift; path = AppLink.swift; sourceTree = "<group>"; };
		3D71153A1C7D9CB000AE799E /* ComponentNode.swift */ = {isa = PBXFileReference; fileEncoding = 4; lastKnownFileType = sourcecode.swift; path = ComponentNode.swift; sourceTree = "<group>"; };
		3D71153B1C7D9CB000AE799E /* Filter.swift */ = {isa = PBXFileReference; fileEncoding = 4; lastKnownFileType = sourcecode.swift; path = Filter.swift; sourceTree = "<group>"; };
		3D71153C1C7D9CB000AE799E /* Handler.swift */ = {isa = PBXFileReference; fileEncoding = 4; lastKnownFileType = sourcecode.swift; path = Handler.swift; sourceTree = "<group>"; };
		3D71153D1C7D9CB000AE799E /* Request.swift */ = {isa = PBXFileReference; fileEncoding = 4; lastKnownFileType = sourcecode.swift; path = Request.swift; sourceTree = "<group>"; };
		3D71153E1C7D9CB000AE799E /* Response.swift */ = {isa = PBXFileReference; fileEncoding = 4; lastKnownFileType = sourcecode.swift; path = Response.swift; sourceTree = "<group>"; };
		3D71153F1C7D9CB000AE799E /* Route.swift */ = {isa = PBXFileReference; fileEncoding = 4; lastKnownFileType = sourcecode.swift; path = Route.swift; sourceTree = "<group>"; };
		3D7115401C7D9CB000AE799E /* RouteComponent.swift */ = {isa = PBXFileReference; fileEncoding = 4; lastKnownFileType = sourcecode.swift; path = RouteComponent.swift; sourceTree = "<group>"; };
		3D7115411C7D9CB000AE799E /* RoutingTable.swift */ = {isa = PBXFileReference; fileEncoding = 4; lastKnownFileType = sourcecode.swift; path = RoutingTable.swift; sourceTree = "<group>"; };
		3D7115421C7D9CB000AE799E /* TreeRoutingTable.swift */ = {isa = PBXFileReference; fileEncoding = 4; lastKnownFileType = sourcecode.swift; path = TreeRoutingTable.swift; sourceTree = "<group>"; };
		3D9886B61C7E2BCE0036E5A1 /* Nimble.framework */ = {isa = PBXFileReference; lastKnownFileType = wrapper.framework; name = Nimble.framework; path = Carthage/Build/iOS/Nimble.framework; sourceTree = "<group>"; };
		3D9886B71C7E2BCE0036E5A1 /* Quick.framework */ = {isa = PBXFileReference; lastKnownFileType = wrapper.framework; name = Quick.framework; path = Carthage/Build/iOS/Quick.framework; sourceTree = "<group>"; };
		3DD79BBE1C00783A00D99F0E /* RouterKit.framework */ = {isa = PBXFileReference; explicitFileType = wrapper.framework; includeInIndex = 0; path = RouterKit.framework; sourceTree = BUILT_PRODUCTS_DIR; };
		3DD79BC31C00783A00D99F0E /* Info.plist */ = {isa = PBXFileReference; lastKnownFileType = text.plist.xml; name = Info.plist; path = RouterKit/Info.plist; sourceTree = "<group>"; };
		3DD79BC81C00783A00D99F0E /* RouterKitTests.xctest */ = {isa = PBXFileReference; explicitFileType = wrapper.cfbundle; includeInIndex = 0; path = RouterKitTests.xctest; sourceTree = BUILT_PRODUCTS_DIR; };
		3DD79BCD1C00783A00D99F0E /* RouterKitTests.swift */ = {isa = PBXFileReference; lastKnownFileType = sourcecode.swift; path = RouterKitTests.swift; sourceTree = "<group>"; };
		3DD79BCF1C00783A00D99F0E /* Info.plist */ = {isa = PBXFileReference; lastKnownFileType = text.plist.xml; path = Info.plist; sourceTree = "<group>"; };
		3DD79C091C01336E00D99F0E /* RouterKit.swift */ = {isa = PBXFileReference; fileEncoding = 4; lastKnownFileType = sourcecode.swift; path = RouterKit.swift; sourceTree = "<group>"; };
/* End PBXFileReference section */

/* Begin PBXFrameworksBuildPhase section */
		3DD79BBA1C00783A00D99F0E /* Frameworks */ = {
			isa = PBXFrameworksBuildPhase;
			buildActionMask = 2147483647;
			files = (
			);
			runOnlyForDeploymentPostprocessing = 0;
		};
		3DD79BC51C00783A00D99F0E /* Frameworks */ = {
			isa = PBXFrameworksBuildPhase;
			buildActionMask = 2147483647;
			files = (
				3D9886B81C7E2BCE0036E5A1 /* Nimble.framework in Frameworks */,
				3D9886B91C7E2BCE0036E5A1 /* Quick.framework in Frameworks */,
				3DD79BC91C00783A00D99F0E /* RouterKit.framework in Frameworks */,
			);
			runOnlyForDeploymentPostprocessing = 0;
		};
/* End PBXFrameworksBuildPhase section */

/* Begin PBXGroup section */
		3D9886BA1C7E6DF60036E5A1 /* Frameworks */ = {
			isa = PBXGroup;
			children = (
				3D9886B61C7E2BCE0036E5A1 /* Nimble.framework */,
				3D9886B71C7E2BCE0036E5A1 /* Quick.framework */,
			);
			name = Frameworks;
			sourceTree = "<group>";
		};
		3DD79BB41C00783A00D99F0E = {
			isa = PBXGroup;
			children = (
				3D9886BA1C7E6DF60036E5A1 /* Frameworks */,
				3DD79BBF1C00783A00D99F0E /* Products */,
				3DD79BC01C00783A00D99F0E /* RouterKit */,
				3DD79BCC1C00783A00D99F0E /* RouterKitTests */,
				3DD79BD81C00785C00D99F0E /* Supporting Files */,
			);
			sourceTree = "<group>";
		};
		3DD79BBF1C00783A00D99F0E /* Products */ = {
			isa = PBXGroup;
			children = (
				3DD79BBE1C00783A00D99F0E /* RouterKit.framework */,
				3DD79BC81C00783A00D99F0E /* RouterKitTests.xctest */,
			);
			name = Products;
			sourceTree = "<group>";
		};
		3DD79BC01C00783A00D99F0E /* RouterKit */ = {
			isa = PBXGroup;
			children = (
				3D7115391C7D9CB000AE799E /* AppLink.swift */,
				3D71153A1C7D9CB000AE799E /* ComponentNode.swift */,
				3D71153B1C7D9CB000AE799E /* Filter.swift */,
				3D71153C1C7D9CB000AE799E /* Handler.swift */,
				3D71153D1C7D9CB000AE799E /* Request.swift */,
				3D71153E1C7D9CB000AE799E /* Response.swift */,
				3D71153F1C7D9CB000AE799E /* Route.swift */,
				3D7115401C7D9CB000AE799E /* RouteComponent.swift */,
				3DD79C091C01336E00D99F0E /* RouterKit.swift */,
				3D7115411C7D9CB000AE799E /* RoutingTable.swift */,
				3D7115421C7D9CB000AE799E /* TreeRoutingTable.swift */,
			);
			path = RouterKit;
			sourceTree = "<group>";
		};
		3DD79BCC1C00783A00D99F0E /* RouterKitTests */ = {
			isa = PBXGroup;
			children = (
				3DD79BCF1C00783A00D99F0E /* Info.plist */,
				3D15C4681C7D9D7B009E76A0 /* RequestSpec.swift */,
				3DD79BCD1C00783A00D99F0E /* RouterKitTests.swift */,
			);
			path = RouterKitTests;
			sourceTree = "<group>";
		};
		3DD79BD81C00785C00D99F0E /* Supporting Files */ = {
			isa = PBXGroup;
			children = (
				3DD79BC31C00783A00D99F0E /* Info.plist */,
			);
			name = "Supporting Files";
			sourceTree = "<group>";
		};
/* End PBXGroup section */

/* Begin PBXHeadersBuildPhase section */
		3DD79BBB1C00783A00D99F0E /* Headers */ = {
			isa = PBXHeadersBuildPhase;
			buildActionMask = 2147483647;
			files = (
			);
			runOnlyForDeploymentPostprocessing = 0;
		};
/* End PBXHeadersBuildPhase section */

/* Begin PBXNativeTarget section */
		3DD79BBD1C00783A00D99F0E /* RouterKit */ = {
			isa = PBXNativeTarget;
			buildConfigurationList = 3DD79BD21C00783A00D99F0E /* Build configuration list for PBXNativeTarget "RouterKit" */;
			buildPhases = (
				3DD79BB91C00783A00D99F0E /* Sources */,
				3DD79BBA1C00783A00D99F0E /* Frameworks */,
				3DD79BBB1C00783A00D99F0E /* Headers */,
				3DD79BBC1C00783A00D99F0E /* Resources */,
			);
			buildRules = (
			);
			dependencies = (
			);
			name = RouterKit;
			productName = RouterKit;
			productReference = 3DD79BBE1C00783A00D99F0E /* RouterKit.framework */;
			productType = "com.apple.product-type.framework";
		};
		3DD79BC71C00783A00D99F0E /* RouterKitTests */ = {
			isa = PBXNativeTarget;
			buildConfigurationList = 3DD79BD51C00783A00D99F0E /* Build configuration list for PBXNativeTarget "RouterKitTests" */;
			buildPhases = (
				3DD79BC41C00783A00D99F0E /* Sources */,
				3DD79BC51C00783A00D99F0E /* Frameworks */,
				3DD79BC61C00783A00D99F0E /* Resources */,
				3D9886B51C7E29C50036E5A1 /* ShellScript */,
			);
			buildRules = (
			);
			dependencies = (
				3DD79BCB1C00783A00D99F0E /* PBXTargetDependency */,
			);
			name = RouterKitTests;
			productName = RouterKitTests;
			productReference = 3DD79BC81C00783A00D99F0E /* RouterKitTests.xctest */;
			productType = "com.apple.product-type.bundle.unit-test";
		};
/* End PBXNativeTarget section */

/* Begin PBXProject section */
		3DD79BB51C00783A00D99F0E /* Project object */ = {
			isa = PBXProject;
			attributes = {
				LastSwiftUpdateCheck = 0710;
				LastUpgradeCheck = 0710;
				ORGANIZATIONNAME = RouterKit;
				TargetAttributes = {
					3DD79BBD1C00783A00D99F0E = {
						CreatedOnToolsVersion = 7.1.1;
					};
					3DD79BC71C00783A00D99F0E = {
						CreatedOnToolsVersion = 7.1.1;
					};
				};
			};
			buildConfigurationList = 3DD79BB81C00783A00D99F0E /* Build configuration list for PBXProject "RouterKit" */;
			compatibilityVersion = "Xcode 6.3";
			developmentRegion = English;
			hasScannedForEncodings = 0;
			knownRegions = (
				en,
			);
			mainGroup = 3DD79BB41C00783A00D99F0E;
			productRefGroup = 3DD79BBF1C00783A00D99F0E /* Products */;
			projectDirPath = "";
			projectRoot = "";
			targets = (
				3DD79BBD1C00783A00D99F0E /* RouterKit */,
				3DD79BC71C00783A00D99F0E /* RouterKitTests */,
			);
		};
/* End PBXProject section */

/* Begin PBXResourcesBuildPhase section */
		3DD79BBC1C00783A00D99F0E /* Resources */ = {
			isa = PBXResourcesBuildPhase;
			buildActionMask = 2147483647;
			files = (
			);
			runOnlyForDeploymentPostprocessing = 0;
		};
		3DD79BC61C00783A00D99F0E /* Resources */ = {
			isa = PBXResourcesBuildPhase;
			buildActionMask = 2147483647;
			files = (
			);
			runOnlyForDeploymentPostprocessing = 0;
		};
/* End PBXResourcesBuildPhase section */

/* Begin PBXShellScriptBuildPhase section */
		3D9886B51C7E29C50036E5A1 /* ShellScript */ = {
			isa = PBXShellScriptBuildPhase;
			buildActionMask = 2147483647;
			files = (
			);
			inputPaths = (
				"$(SRCROOT)/Carthage/Build/iOS/Quick.framework",
				"$(SRCROOT)/Carthage/Build/iOS/Nimble.framework",
			);
			outputPaths = (
			);
			runOnlyForDeploymentPostprocessing = 0;
			shellPath = /bin/sh;
			shellScript = "/usr/local/bin/carthage copy-frameworks";
		};
/* End PBXShellScriptBuildPhase section */

/* Begin PBXSourcesBuildPhase section */
		3DD79BB91C00783A00D99F0E /* Sources */ = {
			isa = PBXSourcesBuildPhase;
			buildActionMask = 2147483647;
			files = (
				3D7115441C7D9CB000AE799E /* ComponentNode.swift in Sources */,
				3D7115471C7D9CB000AE799E /* Request.swift in Sources */,
				3D7115451C7D9CB000AE799E /* Filter.swift in Sources */,
				3D71154A1C7D9CB000AE799E /* RouteComponent.swift in Sources */,
				3DD79C0A1C01336E00D99F0E /* RouterKit.swift in Sources */,
				3D7115461C7D9CB000AE799E /* Handler.swift in Sources */,
				3D7115491C7D9CB000AE799E /* Route.swift in Sources */,
				3D71154C1C7D9CB000AE799E /* TreeRoutingTable.swift in Sources */,
				3D71154B1C7D9CB000AE799E /* RoutingTable.swift in Sources */,
				3D7115431C7D9CB000AE799E /* AppLink.swift in Sources */,
				3D7115481C7D9CB000AE799E /* Response.swift in Sources */,
			);
			runOnlyForDeploymentPostprocessing = 0;
		};
		3DD79BC41C00783A00D99F0E /* Sources */ = {
			isa = PBXSourcesBuildPhase;
			buildActionMask = 2147483647;
			files = (
				3DD79BCE1C00783A00D99F0E /* RouterKitTests.swift in Sources */,
				3D15C4691C7D9D7B009E76A0 /* RequestSpec.swift in Sources */,
			);
			runOnlyForDeploymentPostprocessing = 0;
		};
/* End PBXSourcesBuildPhase section */

/* Begin PBXTargetDependency section */
		3DD79BCB1C00783A00D99F0E /* PBXTargetDependency */ = {
			isa = PBXTargetDependency;
			target = 3DD79BBD1C00783A00D99F0E /* RouterKit */;
			targetProxy = 3DD79BCA1C00783A00D99F0E /* PBXContainerItemProxy */;
		};
/* End PBXTargetDependency section */

/* Begin XCBuildConfiguration section */
		3DD79BD01C00783A00D99F0E /* Debug */ = {
			isa = XCBuildConfiguration;
			buildSettings = {
				ALWAYS_SEARCH_USER_PATHS = NO;
				CLANG_CXX_LANGUAGE_STANDARD = "gnu++0x";
				CLANG_CXX_LIBRARY = "libc++";
				CLANG_ENABLE_MODULES = YES;
				CLANG_ENABLE_OBJC_ARC = YES;
				CLANG_WARN_BOOL_CONVERSION = YES;
				CLANG_WARN_CONSTANT_CONVERSION = YES;
				CLANG_WARN_DIRECT_OBJC_ISA_USAGE = YES_ERROR;
				CLANG_WARN_EMPTY_BODY = YES;
				CLANG_WARN_ENUM_CONVERSION = YES;
				CLANG_WARN_INT_CONVERSION = YES;
				CLANG_WARN_OBJC_ROOT_CLASS = YES_ERROR;
				CLANG_WARN_UNREACHABLE_CODE = YES;
				CLANG_WARN__DUPLICATE_METHOD_MATCH = YES;
				"CODE_SIGN_IDENTITY[sdk=iphoneos*]" = "iPhone Developer";
				COPY_PHASE_STRIP = NO;
				CURRENT_PROJECT_VERSION = 1;
				DEBUG_INFORMATION_FORMAT = dwarf;
				ENABLE_STRICT_OBJC_MSGSEND = YES;
				ENABLE_TESTABILITY = YES;
				GCC_C_LANGUAGE_STANDARD = gnu99;
				GCC_DYNAMIC_NO_PIC = NO;
				GCC_GENERATE_TEST_COVERAGE_FILES = YES;
				GCC_INSTRUMENT_PROGRAM_FLOW_ARCS = YES;
				GCC_NO_COMMON_BLOCKS = YES;
				GCC_OPTIMIZATION_LEVEL = 0;
				GCC_PREPROCESSOR_DEFINITIONS = (
					"DEBUG=1",
					"$(inherited)",
				);
				GCC_WARN_64_TO_32_BIT_CONVERSION = YES;
				GCC_WARN_ABOUT_RETURN_TYPE = YES_ERROR;
				GCC_WARN_UNDECLARED_SELECTOR = YES;
				GCC_WARN_UNINITIALIZED_AUTOS = YES_AGGRESSIVE;
				GCC_WARN_UNUSED_FUNCTION = YES;
				GCC_WARN_UNUSED_VARIABLE = YES;
				IPHONEOS_DEPLOYMENT_TARGET = 9.1;
				MTL_ENABLE_DEBUG_INFO = YES;
				ONLY_ACTIVE_ARCH = YES;
				SDKROOT = iphoneos9.2;
				SWIFT_OPTIMIZATION_LEVEL = "-Onone";
				TARGETED_DEVICE_FAMILY = "1,2";
				VERSIONING_SYSTEM = "apple-generic";
				VERSION_INFO_PREFIX = "";
			};
			name = Debug;
		};
		3DD79BD11C00783A00D99F0E /* Release */ = {
			isa = XCBuildConfiguration;
			buildSettings = {
				ALWAYS_SEARCH_USER_PATHS = NO;
				CLANG_CXX_LANGUAGE_STANDARD = "gnu++0x";
				CLANG_CXX_LIBRARY = "libc++";
				CLANG_ENABLE_MODULES = YES;
				CLANG_ENABLE_OBJC_ARC = YES;
				CLANG_WARN_BOOL_CONVERSION = YES;
				CLANG_WARN_CONSTANT_CONVERSION = YES;
				CLANG_WARN_DIRECT_OBJC_ISA_USAGE = YES_ERROR;
				CLANG_WARN_EMPTY_BODY = YES;
				CLANG_WARN_ENUM_CONVERSION = YES;
				CLANG_WARN_INT_CONVERSION = YES;
				CLANG_WARN_OBJC_ROOT_CLASS = YES_ERROR;
				CLANG_WARN_UNREACHABLE_CODE = YES;
				CLANG_WARN__DUPLICATE_METHOD_MATCH = YES;
				"CODE_SIGN_IDENTITY[sdk=iphoneos*]" = "iPhone Developer";
				COPY_PHASE_STRIP = NO;
				CURRENT_PROJECT_VERSION = 1;
				DEBUG_INFORMATION_FORMAT = "dwarf-with-dsym";
				ENABLE_NS_ASSERTIONS = NO;
				ENABLE_STRICT_OBJC_MSGSEND = YES;
				GCC_C_LANGUAGE_STANDARD = gnu99;
				GCC_GENERATE_TEST_COVERAGE_FILES = YES;
				GCC_INSTRUMENT_PROGRAM_FLOW_ARCS = YES;
				GCC_NO_COMMON_BLOCKS = YES;
				GCC_WARN_64_TO_32_BIT_CONVERSION = YES;
				GCC_WARN_ABOUT_RETURN_TYPE = YES_ERROR;
				GCC_WARN_UNDECLARED_SELECTOR = YES;
				GCC_WARN_UNINITIALIZED_AUTOS = YES_AGGRESSIVE;
				GCC_WARN_UNUSED_FUNCTION = YES;
				GCC_WARN_UNUSED_VARIABLE = YES;
				IPHONEOS_DEPLOYMENT_TARGET = 9.1;
				MTL_ENABLE_DEBUG_INFO = NO;
				SDKROOT = iphoneos9.2;
				TARGETED_DEVICE_FAMILY = "1,2";
				VALIDATE_PRODUCT = YES;
				VERSIONING_SYSTEM = "apple-generic";
				VERSION_INFO_PREFIX = "";
			};
			name = Release;
		};
		3DD79BD31C00783A00D99F0E /* Debug */ = {
			isa = XCBuildConfiguration;
			buildSettings = {
				CLANG_ENABLE_MODULES = YES;
				DEFINES_MODULE = YES;
				DYLIB_COMPATIBILITY_VERSION = 1;
				DYLIB_CURRENT_VERSION = 1;
				DYLIB_INSTALL_NAME_BASE = "@rpath";
				INFOPLIST_FILE = RouterKit/Info.plist;
				INSTALL_PATH = "$(LOCAL_LIBRARY_DIR)/Frameworks";
				LD_RUNPATH_SEARCH_PATHS = "$(inherited) @executable_path/Frameworks @loader_path/Frameworks";
				PRODUCT_BUNDLE_IDENTIFIER = io.routerkit.RouterKit;
				PRODUCT_NAME = "$(TARGET_NAME)";
				SKIP_INSTALL = YES;
				SWIFT_OPTIMIZATION_LEVEL = "-Onone";
			};
			name = Debug;
		};
		3DD79BD41C00783A00D99F0E /* Release */ = {
			isa = XCBuildConfiguration;
			buildSettings = {
				CLANG_ENABLE_MODULES = YES;
				DEFINES_MODULE = YES;
				DYLIB_COMPATIBILITY_VERSION = 1;
				DYLIB_CURRENT_VERSION = 1;
				DYLIB_INSTALL_NAME_BASE = "@rpath";
				INFOPLIST_FILE = RouterKit/Info.plist;
				INSTALL_PATH = "$(LOCAL_LIBRARY_DIR)/Frameworks";
				LD_RUNPATH_SEARCH_PATHS = "$(inherited) @executable_path/Frameworks @loader_path/Frameworks";
				PRODUCT_BUNDLE_IDENTIFIER = io.routerkit.RouterKit;
				PRODUCT_NAME = "$(TARGET_NAME)";
				SKIP_INSTALL = YES;
			};
			name = Release;
		};
		3DD79BD61C00783A00D99F0E /* Debug */ = {
			isa = XCBuildConfiguration;
			buildSettings = {
				FRAMEWORK_SEARCH_PATHS = (
					"$(inherited)",
					"$(PROJECT_DIR)/Carthage/Build/iOS",
				);
				INFOPLIST_FILE = RouterKitTests/Info.plist;
				LD_RUNPATH_SEARCH_PATHS = "$(inherited) @executable_path/Frameworks @loader_path/Frameworks";
				PRODUCT_BUNDLE_IDENTIFIER = io.routerkit.RouterKitTests;
				PRODUCT_NAME = "$(TARGET_NAME)";
			};
			name = Debug;
		};
		3DD79BD71C00783A00D99F0E /* Release */ = {
			isa = XCBuildConfiguration;
			buildSettings = {
				FRAMEWORK_SEARCH_PATHS = (
					"$(inherited)",
					"$(PROJECT_DIR)/Carthage/Build/iOS",
				);
				INFOPLIST_FILE = RouterKitTests/Info.plist;
				LD_RUNPATH_SEARCH_PATHS = "$(inherited) @executable_path/Frameworks @loader_path/Frameworks";
				PRODUCT_BUNDLE_IDENTIFIER = io.routerkit.RouterKitTests;
				PRODUCT_NAME = "$(TARGET_NAME)";
			};
			name = Release;
		};
/* End XCBuildConfiguration section */

/* Begin XCConfigurationList section */
		3DD79BB81C00783A00D99F0E /* Build configuration list for PBXProject "RouterKit" */ = {
			isa = XCConfigurationList;
			buildConfigurations = (
				3DD79BD01C00783A00D99F0E /* Debug */,
				3DD79BD11C00783A00D99F0E /* Release */,
			);
			defaultConfigurationIsVisible = 0;
			defaultConfigurationName = Release;
		};
		3DD79BD21C00783A00D99F0E /* Build configuration list for PBXNativeTarget "RouterKit" */ = {
			isa = XCConfigurationList;
			buildConfigurations = (
				3DD79BD31C00783A00D99F0E /* Debug */,
				3DD79BD41C00783A00D99F0E /* Release */,
			);
			defaultConfigurationIsVisible = 0;
			defaultConfigurationName = Release;
		};
		3DD79BD51C00783A00D99F0E /* Build configuration list for PBXNativeTarget "RouterKitTests" */ = {
			isa = XCConfigurationList;
			buildConfigurations = (
				3DD79BD61C00783A00D99F0E /* Debug */,
				3DD79BD71C00783A00D99F0E /* Release */,
			);
			defaultConfigurationIsVisible = 0;
			defaultConfigurationName = Release;
		};
/* End XCConfigurationList section */
	};
	rootObject = 3DD79BB51C00783A00D99F0E /* Project object */;
}
